// !$*UTF8*$!
{
	archiveVersion = 1;
	classes = {
	};
	objectVersion = 46;
	objects = {

/* Begin PBXBuildFile section */
		EBD9F1051ABCA7AF00ADF6DB /* main.m in Sources */ = {isa = PBXBuildFile; fileRef = EBD9F1041ABCA7AF00ADF6DB /* main.m */; };
		EBD9F1081ABCA7AF00ADF6DB /* AppDelegate.m in Sources */ = {isa = PBXBuildFile; fileRef = EBD9F1071ABCA7AF00ADF6DB /* AppDelegate.m */; };
		EBD9F10B1ABCA7AF00ADF6DB /* ViewController.m in Sources */ = {isa = PBXBuildFile; fileRef = EBD9F10A1ABCA7AF00ADF6DB /* ViewController.m */; };
		EBD9F10E1ABCA7AF00ADF6DB /* Main.storyboard in Resources */ = {isa = PBXBuildFile; fileRef = EBD9F10C1ABCA7AF00ADF6DB /* Main.storyboard */; };
		EBD9F1101ABCA7B000ADF6DB /* Images.xcassets in Resources */ = {isa = PBXBuildFile; fileRef = EBD9F10F1ABCA7B000ADF6DB /* Images.xcassets */; };
		EBD9F1131ABCA7B000ADF6DB /* LaunchScreen.xib in Resources */ = {isa = PBXBuildFile; fileRef = EBD9F1111ABCA7B000ADF6DB /* LaunchScreen.xib */; };
		EBD9F11F1ABCA7B000ADF6DB /* TippCalcTests.m in Sources */ = {isa = PBXBuildFile; fileRef = EBD9F11E1ABCA7B000ADF6DB /* TippCalcTests.m */; };
/* End PBXBuildFile section */

/* Begin PBXContainerItemProxy section */
		EBD9F1191ABCA7B000ADF6DB /* PBXContainerItemProxy */ = {
			isa = PBXContainerItemProxy;
			containerPortal = EBD9F0F71ABCA7AF00ADF6DB /* Project object */;
			proxyType = 1;
			remoteGlobalIDString = EBD9F0FE1ABCA7AF00ADF6DB;
			remoteInfo = TippCalc;
		};
/* End PBXContainerItemProxy section */

/* Begin PBXFileReference section */
		EBD9F0FF1ABCA7AF00ADF6DB /* TippCalc.app */ = {isa = PBXFileReference; explicitFileType = wrapper.application; includeInIndex = 0; path = TippCalc.app; sourceTree = BUILT_PRODUCTS_DIR; };
		EBD9F1031ABCA7AF00ADF6DB /* Info.plist */ = {isa = PBXFileReference; lastKnownFileType = text.plist.xml; path = Info.plist; sourceTree = "<group>"; };
		EBD9F1041ABCA7AF00ADF6DB /* main.m */ = {isa = PBXFileReference; lastKnownFileType = sourcecode.c.objc; path = main.m; sourceTree = "<group>"; };
		EBD9F1061ABCA7AF00ADF6DB /* AppDelegate.h */ = {isa = PBXFileReference; lastKnownFileType = sourcecode.c.h; path = AppDelegate.h; sourceTree = "<group>"; };
		EBD9F1071ABCA7AF00ADF6DB /* AppDelegate.m */ = {isa = PBXFileReference; lastKnownFileType = sourcecode.c.objc; path = AppDelegate.m; sourceTree = "<group>"; };
		EBD9F1091ABCA7AF00ADF6DB /* ViewController.h */ = {isa = PBXFileReference; lastKnownFileType = sourcecode.c.h; path = ViewController.h; sourceTree = "<group>"; };
		EBD9F10A1ABCA7AF00ADF6DB /* ViewController.m */ = {isa = PBXFileReference; lastKnownFileType = sourcecode.c.objc; path = ViewController.m; sourceTree = "<group>"; };
		EBD9F10D1ABCA7AF00ADF6DB /* Base */ = {isa = PBXFileReference; lastKnownFileType = file.storyboard; name = Base; path = Base.lproj/Main.storyboard; sourceTree = "<group>"; };
		EBD9F10F1ABCA7B000ADF6DB /* Images.xcassets */ = {isa = PBXFileReference; lastKnownFileType = folder.assetcatalog; path = Images.xcassets; sourceTree = "<group>"; };
		EBD9F1121ABCA7B000ADF6DB /* Base */ = {isa = PBXFileReference; lastKnownFileType = file.xib; name = Base; path = Base.lproj/LaunchScreen.xib; sourceTree = "<group>"; };
		EBD9F1181ABCA7B000ADF6DB /* TippCalcTests.xctest */ = {isa = PBXFileReference; explicitFileType = wrapper.cfbundle; includeInIndex = 0; path = TippCalcTests.xctest; sourceTree = BUILT_PRODUCTS_DIR; };
		EBD9F11D1ABCA7B000ADF6DB /* Info.plist */ = {isa = PBXFileReference; lastKnownFileType = text.plist.xml; path = Info.plist; sourceTree = "<group>"; };
		EBD9F11E1ABCA7B000ADF6DB /* TippCalcTests.m */ = {isa = PBXFileReference; lastKnownFileType = sourcecode.c.objc; path = TippCalcTests.m; sourceTree = "<group>"; };
/* End PBXFileReference section */

/* Begin PBXFrameworksBuildPhase section */
		EBD9F0FC1ABCA7AF00ADF6DB /* Frameworks */ = {
			isa = PBXFrameworksBuildPhase;
			buildActionMask = 2147483647;
			files = (
			);
			runOnlyForDeploymentPostprocessing = 0;
		};
		EBD9F1151ABCA7B000ADF6DB /* Frameworks */ = {
			isa = PBXFrameworksBuildPhase;
			buildActionMask = 2147483647;
			files = (
			);
			runOnlyForDeploymentPostprocessing = 0;
		};
/* End PBXFrameworksBuildPhase section */

/* Begin PBXGroup section */
		EBD9F0F61ABCA7AF00ADF6DB = {
			isa = PBXGroup;
			children = (
				EBD9F1011ABCA7AF00ADF6DB /* TippCalc */,
				EBD9F11B1ABCA7B000ADF6DB /* TippCalcTests */,
				EBD9F1001ABCA7AF00ADF6DB /* Products */,
			);
			sourceTree = "<group>";
		};
		EBD9F1001ABCA7AF00ADF6DB /* Products */ = {
			isa = PBXGroup;
			children = (
				EBD9F0FF1ABCA7AF00ADF6DB /* TippCalc.app */,
				EBD9F1181ABCA7B000ADF6DB /* TippCalcTests.xctest */,
			);
			name = Products;
			sourceTree = "<group>";
		};
		EBD9F1011ABCA7AF00ADF6DB /* TippCalc */ = {
			isa = PBXGroup;
			children = (
				EBD9F1061ABCA7AF00ADF6DB /* AppDelegate.h */,
				EBD9F1071ABCA7AF00ADF6DB /* AppDelegate.m */,
				EBD9F1091ABCA7AF00ADF6DB /* ViewController.h */,
				EBD9F10A1ABCA7AF00ADF6DB /* ViewController.m */,
				EBD9F10C1ABCA7AF00ADF6DB /* Main.storyboard */,
				EBD9F10F1ABCA7B000ADF6DB /* Images.xcassets */,
				EBD9F1111ABCA7B000ADF6DB /* LaunchScreen.xib */,
				EBD9F1021ABCA7AF00ADF6DB /* Supporting Files */,
			);
			path = TippCalc;
			sourceTree = "<group>";
		};
		EBD9F1021ABCA7AF00ADF6DB /* Supporting Files */ = {
			isa = PBXGroup;
			children = (
				EBD9F1031ABCA7AF00ADF6DB /* Info.plist */,
				EBD9F1041ABCA7AF00ADF6DB /* main.m */,
			);
			name = "Supporting Files";
			sourceTree = "<group>";
		};
		EBD9F11B1ABCA7B000ADF6DB /* TippCalcTests */ = {
			isa = PBXGroup;
			children = (
				EBD9F11E1ABCA7B000ADF6DB /* TippCalcTests.m */,
				EBD9F11C1ABCA7B000ADF6DB /* Supporting Files */,
			);
			path = TippCalcTests;
			sourceTree = "<group>";
		};
		EBD9F11C1ABCA7B000ADF6DB /* Supporting Files */ = {
			isa = PBXGroup;
			children = (
				EBD9F11D1ABCA7B000ADF6DB /* Info.plist */,
			);
			name = "Supporting Files";
			sourceTree = "<group>";
		};
/* End PBXGroup section */

/* Begin PBXNativeTarget section */
		EBD9F0FE1ABCA7AF00ADF6DB /* TippCalc */ = {
			isa = PBXNativeTarget;
			buildConfigurationList = EBD9F1221ABCA7B000ADF6DB /* Build configuration list for PBXNativeTarget "TippCalc" */;
			buildPhases = (
				EBD9F0FB1ABCA7AF00ADF6DB /* Sources */,
				EBD9F0FC1ABCA7AF00ADF6DB /* Frameworks */,
				EBD9F0FD1ABCA7AF00ADF6DB /* Resources */,
			);
			buildRules = (
			);
			dependencies = (
			);
			name = TippCalc;
			productName = TippCalc;
			productReference = EBD9F0FF1ABCA7AF00ADF6DB /* TippCalc.app */;
			productType = "com.apple.product-type.application";
		};
		EBD9F1171ABCA7B000ADF6DB /* TippCalcTests */ = {
			isa = PBXNativeTarget;
			buildConfigurationList = EBD9F1251ABCA7B000ADF6DB /* Build configuration list for PBXNativeTarget "TippCalcTests" */;
			buildPhases = (
				EBD9F1141ABCA7B000ADF6DB /* Sources */,
				EBD9F1151ABCA7B000ADF6DB /* Frameworks */,
				EBD9F1161ABCA7B000ADF6DB /* Resources */,
			);
			buildRules = (
			);
			dependencies = (
				EBD9F11A1ABCA7B000ADF6DB /* PBXTargetDependency */,
			);
			name = TippCalcTests;
			productName = TippCalcTests;
			productReference = EBD9F1181ABCA7B000ADF6DB /* TippCalcTests.xctest */;
			productType = "com.apple.product-type.bundle.unit-test";
		};
/* End PBXNativeTarget section */

/* Begin PBXProject section */
		EBD9F0F71ABCA7AF00ADF6DB /* Project object */ = {
			isa = PBXProject;
			attributes = {
				LastUpgradeCheck = 0620;
				ORGANIZATIONNAME = "98% Chimp";
				TargetAttributes = {
					EBD9F0FE1ABCA7AF00ADF6DB = {
						CreatedOnToolsVersion = 6.2;
					};
					EBD9F1171ABCA7B000ADF6DB = {
						CreatedOnToolsVersion = 6.2;
						TestTargetID = EBD9F0FE1ABCA7AF00ADF6DB;
					};
				};
			};
			buildConfigurationList = EBD9F0FA1ABCA7AF00ADF6DB /* Build configuration list for PBXProject "TippCalc" */;
			compatibilityVersion = "Xcode 3.2";
			developmentRegion = English;
			hasScannedForEncodings = 0;
			knownRegions = (
				en,
				Base,
			);
			mainGroup = EBD9F0F61ABCA7AF00ADF6DB;
			productRefGroup = EBD9F1001ABCA7AF00ADF6DB /* Products */;
			projectDirPath = "";
			projectRoot = "";
			targets = (
				EBD9F0FE1ABCA7AF00ADF6DB /* TippCalc */,
				EBD9F1171ABCA7B000ADF6DB /* TippCalcTests */,
			);
		};
/* End PBXProject section */

/* Begin PBXResourcesBuildPhase section */
		EBD9F0FD1ABCA7AF00ADF6DB /* Resources */ = {
			isa = PBXResourcesBuildPhase;
			buildActionMask = 2147483647;
			files = (
				EBD9F10E1ABCA7AF00ADF6DB /* Main.storyboard in Resources */,
				EBD9F1131ABCA7B000ADF6DB /* LaunchScreen.xib in Resources */,
				EBD9F1101ABCA7B000ADF6DB /* Images.xcassets in Resources */,
			);
			runOnlyForDeploymentPostprocessing = 0;
		};
		EBD9F1161ABCA7B000ADF6DB /* Resources */ = {
			isa = PBXResourcesBuildPhase;
			buildActionMask = 2147483647;
			files = (
			);
			runOnlyForDeploymentPostprocessing = 0;
		};
/* End PBXResourcesBuildPhase section */

/* Begin PBXSourcesBuildPhase section */
		EBD9F0FB1ABCA7AF00ADF6DB /* Sources */ = {
			isa = PBXSourcesBuildPhase;
			buildActionMask = 2147483647;
			files = (
				EBD9F10B1ABCA7AF00ADF6DB /* ViewController.m in Sources */,
				EBD9F1081ABCA7AF00ADF6DB /* AppDelegate.m in Sources */,
				EBD9F1051ABCA7AF00ADF6DB /* main.m in Sources */,
			);
			runOnlyForDeploymentPostprocessing = 0;
		};
		EBD9F1141ABCA7B000ADF6DB /* Sources */ = {
			isa = PBXSourcesBuildPhase;
			buildActionMask = 2147483647;
			files = (
				EBD9F11F1ABCA7B000ADF6DB /* TippCalcTests.m in Sources */,
			);
			runOnlyForDeploymentPostprocessing = 0;
		};
/* End PBXSourcesBuildPhase section */

/* Begin PBXTargetDependency section */
		EBD9F11A1ABCA7B000ADF6DB /* PBXTargetDependency */ = {
			isa = PBXTargetDependency;
			target = EBD9F0FE1ABCA7AF00ADF6DB /* TippCalc */;
			targetProxy = EBD9F1191ABCA7B000ADF6DB /* PBXContainerItemProxy */;
		};
/* End PBXTargetDependency section */

/* Begin PBXVariantGroup section */
		EBD9F10C1ABCA7AF00ADF6DB /* Main.storyboard */ = {
			isa = PBXVariantGroup;
			children = (
				EBD9F10D1ABCA7AF00ADF6DB /* Base */,
			);
			name = Main.storyboard;
			sourceTree = "<group>";
		};
		EBD9F1111ABCA7B000ADF6DB /* LaunchScreen.xib */ = {
			isa = PBXVariantGroup;
			children = (
				EBD9F1121ABCA7B000ADF6DB /* Base */,
			);
			name = LaunchScreen.xib;
			sourceTree = "<group>";
		};
/* End PBXVariantGroup section */

/* Begin XCBuildConfiguration section */
		EBD9F1201ABCA7B000ADF6DB /* Debug */ = {
			isa = XCBuildConfiguration;
			buildSettings = {
				ALWAYS_SEARCH_USER_PATHS = NO;
				CLANG_CXX_LANGUAGE_STANDARD = "gnu++0x";
				CLANG_CXX_LIBRARY = "libc++";
				CLANG_ENABLE_MODULES = YES;
				CLANG_ENABLE_OBJC_ARC = YES;
				CLANG_WARN_BOOL_CONVERSION = YES;
				CLANG_WARN_CONSTANT_CONVERSION = YES;
				CLANG_WARN_DIRECT_OBJC_ISA_USAGE = YES_ERROR;
				CLANG_WARN_EMPTY_BODY = YES;
				CLANG_WARN_ENUM_CONVERSION = YES;
				CLANG_WARN_INT_CONVERSION = YES;
				CLANG_WARN_OBJC_ROOT_CLASS = YES_ERROR;
				CLANG_WARN_UNREACHABLE_CODE = YES;
				CLANG_WARN__DUPLICATE_METHOD_MATCH = YES;
				"CODE_SIGN_IDENTITY[sdk=iphoneos*]" = "iPhone Developer";
				COPY_PHASE_STRIP = NO;
				ENABLE_STRICT_OBJC_MSGSEND = YES;
				GCC_C_LANGUAGE_STANDARD = gnu99;
				GCC_DYNAMIC_NO_PIC = NO;
				GCC_OPTIMIZATION_LEVEL = 0;
				GCC_PREPROCESSOR_DEFINITIONS = (
					"DEBUG=1",
					"$(inherited)",
				);
				GCC_SYMBOLS_PRIVATE_EXTERN = NO;
				GCC_WARN_64_TO_32_BIT_CONVERSION = YES;
				GCC_WARN_ABOUT_RETURN_TYPE = YES_ERROR;
				GCC_WARN_UNDECLARED_SELECTOR = YES;
				GCC_WARN_UNINITIALIZED_AUTOS = YES_AGGRESSIVE;
				GCC_WARN_UNUSED_FUNCTION = YES;
				GCC_WARN_UNUSED_VARIABLE = YES;
				IPHONEOS_DEPLOYMENT_TARGET = 8.2;
				MTL_ENABLE_DEBUG_INFO = YES;
				ONLY_ACTIVE_ARCH = YES;
				SDKROOT = iphoneos;
				TARGETED_DEVICE_FAMILY = "1,2";
			};
			name = Debug;
		};
		EBD9F1211ABCA7B000ADF6DB /* Release */ = {
			isa = XCBuildConfiguration;
			buildSettings = {
				ALWAYS_SEARCH_USER_PATHS = NO;
				CLANG_CXX_LANGUAGE_STANDARD = "gnu++0x";
				CLANG_CXX_LIBRARY = "libc++";
				CLANG_ENABLE_MODULES = YES;
				CLANG_ENABLE_OBJC_ARC = YES;
				CLANG_WARN_BOOL_CONVERSION = YES;
				CLANG_WARN_CONSTANT_CONVERSION = YES;
				CLANG_WARN_DIRECT_OBJC_ISA_USAGE = YES_ERROR;
				CLANG_WARN_EMPTY_BODY = YES;
				CLANG_WARN_ENUM_CONVERSION = YES;
				CLANG_WARN_INT_CONVERSION = YES;
				CLANG_WARN_OBJC_ROOT_CLASS = YES_ERROR;
				CLANG_WARN_UNREACHABLE_CODE = YES;
				CLANG_WARN__DUPLICATE_METHOD_MATCH = YES;
				"CODE_SIGN_IDENTITY[sdk=iphoneos*]" = "iPhone Developer";
				COPY_PHASE_STRIP = NO;
				ENABLE_NS_ASSERTIONS = NO;
				ENABLE_STRICT_OBJC_MSGSEND = YES;
				GCC_C_LANGUAGE_STANDARD = gnu99;
				GCC_WARN_64_TO_32_BIT_CONVERSION = YES;
				GCC_WARN_ABOUT_RETURN_TYPE = YES_ERROR;
				GCC_WARN_UNDECLARED_SELECTOR = YES;
				GCC_WARN_UNINITIALIZED_AUTOS = YES_AGGRESSIVE;
				GCC_WARN_UNUSED_FUNCTION = YES;
				GCC_WARN_UNUSED_VARIABLE = YES;
				IPHONEOS_DEPLOYMENT_TARGET = 8.2;
				MTL_ENABLE_DEBUG_INFO = NO;
				SDKROOT = iphoneos;
				TARGETED_DEVICE_FAMILY = "1,2";
				VALIDATE_PRODUCT = YES;
			};
			name = Release;
		};
		EBD9F1231ABCA7B000ADF6DB /* Debug */ = {
			isa = XCBuildConfiguration;
			buildSettings = {
				ASSETCATALOG_COMPILER_APPICON_NAME = AppIcon;
				INFOPLIST_FILE = TippCalc/Info.plist;
				LD_RUNPATH_SEARCH_PATHS = "$(inherited) @executable_path/Frameworks";
				PRODUCT_NAME = "$(TARGET_NAME)";
			};
			name = Debug;
		};
		EBD9F1241ABCA7B000ADF6DB /* Release */ = {
			isa = XCBuildConfiguration;
			buildSettings = {
				ASSETCATALOG_COMPILER_APPICON_NAME = AppIcon;
				INFOPLIST_FILE = TippCalc/Info.plist;
				LD_RUNPATH_SEARCH_PATHS = "$(inherited) @executable_path/Frameworks";
				PRODUCT_NAME = "$(TARGET_NAME)";
			};
			name = Release;
		};
		EBD9F1261ABCA7B000ADF6DB /* Debug */ = {
			isa = XCBuildConfiguration;
			buildSettings = {
				BUNDLE_LOADER = "$(TEST_HOST)";
				FRAMEWORK_SEARCH_PATHS = (
					"$(SDKROOT)/Developer/Library/Frameworks",
					"$(inherited)",
				);
				GCC_PREPROCESSOR_DEFINITIONS = (
					"DEBUG=1",
					"$(inherited)",
				);
				INFOPLIST_FILE = TippCalcTests/Info.plist;
				LD_RUNPATH_SEARCH_PATHS = "$(inherited) @executable_path/Frameworks @loader_path/Frameworks";
				PRODUCT_NAME = "$(TARGET_NAME)";
				TEST_HOST = "$(BUILT_PRODUCTS_DIR)/TippCalc.app/TippCalc";
			};
			name = Debug;
		};
		EBD9F1271ABCA7B000ADF6DB /* Release */ = {
			isa = XCBuildConfiguration;
			buildSettings = {
				BUNDLE_LOADER = "$(TEST_HOST)";
				FRAMEWORK_SEARCH_PATHS = (
					"$(SDKROOT)/Developer/Library/Frameworks",
					"$(inherited)",
				);
				INFOPLIST_FILE = TippCalcTests/Info.plist;
				LD_RUNPATH_SEARCH_PATHS = "$(inherited) @executable_path/Frameworks @loader_path/Frameworks";
				PRODUCT_NAME = "$(TARGET_NAME)";
				TEST_HOST = "$(BUILT_PRODUCTS_DIR)/TippCalc.app/TippCalc";
			};
			name = Release;
		};
/* End XCBuildConfiguration section */

/* Begin XCConfigurationList section */
		EBD9F0FA1ABCA7AF00ADF6DB /* Build configuration list for PBXProject "TippCalc" */ = {
			isa = XCConfigurationList;
			buildConfigurations = (
				EBD9F1201ABCA7B000ADF6DB /* Debug */,
				EBD9F1211ABCA7B000ADF6DB /* Release */,
			);
			defaultConfigurationIsVisible = 0;
			defaultConfigurationName = Release;
		};
		EBD9F1221ABCA7B000ADF6DB /* Build configuration list for PBXNativeTarget "TippCalc" */ = {
			isa = XCConfigurationList;
			buildConfigurations = (
				EBD9F1231ABCA7B000ADF6DB /* Debug */,
				EBD9F1241ABCA7B000ADF6DB /* Release */,
			);
			defaultConfigurationIsVisible = 0;
		};
		EBD9F1251ABCA7B000ADF6DB /* Build configuration list for PBXNativeTarget "TippCalcTests" */ = {
			isa = XCConfigurationList;
			buildConfigurations = (
				EBD9F1261ABCA7B000ADF6DB /* Debug */,
				EBD9F1271ABCA7B000ADF6DB /* Release */,
			);
			defaultConfigurationIsVisible = 0;
		};
/* End XCConfigurationList section */
	};
	rootObject = EBD9F0F71ABCA7AF00ADF6DB /* Project object */;
}
